{
  "name": "baz",
  "lockfileVersion": 2,
  "requires": true,
  "packages": {
    "": {
      "dependencies": {
        "zalgo-js": "~1.0.0"
      }
    },
    "node_modules/seedrandom": {
      "version": "2.4.4",
      "resolved": "https://registry.npmjs.org/seedrandom/-/seedrandom-2.4.4.tgz",
      "integrity": "sha512-9A+PDmgm+2du77B5i0Ip2cxOqqHjgNxnBgglxLcX78A2D6c2rTo61z4jnVABpF4cKeDMDG+cmXXvdnqse2VqMA=="
    },
    "node_modules/zalgo-js": {
      "version": "1.0.0",
      "resolved": "https://registry.npmjs.org/zalgo-js/-/zalgo-js-1.0.0.tgz",
      "integrity": "sha512-K+BfnUDZPin9fS39HSJggcEGSincu8PT+8QveDStF37t8uG34sVkkM2kuds9JSXtUN6qtGpQz5GHMkOR32lnQA==",
      "dependencies": {
        "seedrandom": "^2.4.3"
      }
    }
  },
  "dependencies": {
    "seedrandom": {
      "version": "2.4.4",
      "resolved": "https://registry.npmjs.org/seedrandom/-/seedrandom-2.4.4.tgz",
      "integrity": "sha512-9A+PDmgm+2du77B5i0Ip2cxOqqHjgNxnBgglxLcX78A2D6c2rTo61z4jnVABpF4cKeDMDG+cmXXvdnqse2VqMA=="
    },
    "zalgo-js": {
      "version": "1.0.0",
      "resolved": "https://registry.npmjs.org/zalgo-js/-/zalgo-js-1.0.0.tgz",
      "integrity": "sha512-K+BfnUDZPin9fS39HSJggcEGSincu8PT+8QveDStF37t8uG34sVkkM2kuds9JSXtUN6qtGpQz5GHMkOR32lnQA==",
      "requires": {
        "seedrandom": "^2.4.3"
      }
    }
  }
}
